
Microsoft Visual Studio Solution File, Format Version 12.00
# Visual Studio 15
VisualStudioVersion = 15.0.28010.2041
MinimumVisualStudioVersion = 10.0.40219.1
Project("{FAE04EC0-301F-11D3-BF4B-00C04F79EFBC}") = "NewsApp.Android", "NewsApp\NewsApp.Android\NewsApp.Android.csproj", "{131A517C-9467-474D-A8C0-22F26343D624}"
EndProject
Project("{FAE04EC0-301F-11D3-BF4B-00C04F79EFBC}") = "NewsApp.iOS", "NewsApp\NewsApp.iOS\NewsApp.iOS.csproj", "{F1AFC10B-C702-4934-9414-F8DB0E596FC8}"
EndProject
Project("{FAE04EC0-301F-11D3-BF4B-00C04F79EFBC}") = "NewsApp.UWP", "NewsApp\NewsApp.UWP\NewsApp.UWP.csproj", "{BADDECDE-F872-44F2-8E37-6FEEA9C66492}"
EndProject
Project("{9A19103F-16F7-4668-BE54-9A1E7A4F7556}") = "NewsApp", "NewsApp\NewsApp\NewsApp.csproj", "{3D03B0C1-CA0F-4116-90AE-7050BB2A35F7}"
EndProject
Project("{FAE04EC0-301F-11D3-BF4B-00C04F79EFBC}") = "NUnit.Tests", "NUnit.Tests2\NUnit.Tests.csproj", "{8EDF4429-251A-416D-BB68-93F227191BCF}"
EndProject
Global
	GlobalSection(SolutionConfigurationPlatforms) = preSolution
		Ad-Hoc|Any CPU = Ad-Hoc|Any CPU
		Ad-Hoc|ARM = Ad-Hoc|ARM
		Ad-Hoc|iPhone = Ad-Hoc|iPhone
		Ad-Hoc|iPhoneSimulator = Ad-Hoc|iPhoneSimulator
		Ad-Hoc|x64 = Ad-Hoc|x64
		Ad-Hoc|x86 = Ad-Hoc|x86
		AppStore|Any CPU = AppStore|Any CPU
		AppStore|ARM = AppStore|ARM
		AppStore|iPhone = AppStore|iPhone
		AppStore|iPhoneSimulator = AppStore|iPhoneSimulator
		AppStore|x64 = AppStore|x64
		AppStore|x86 = AppStore|x86
		Debug|Any CPU = Debug|Any CPU
		Debug|ARM = Debug|ARM
		Debug|iPhone = Debug|iPhone
		Debug|iPhoneSimulator = Debug|iPhoneSimulator
		Debug|x64 = Debug|x64
		Debug|x86 = Debug|x86
		Release|Any CPU = Release|Any CPU
		Release|ARM = Release|ARM
		Release|iPhone = Release|iPhone
		Release|iPhoneSimulator = Release|iPhoneSimulator
		Release|x64 = Release|x64
		Release|x86 = Release|x86
	EndGlobalSection
	GlobalSection(ProjectConfigurationPlatforms) = postSolution
		{131A517C-9467-474D-A8C0-22F26343D624}.Ad-Hoc|Any CPU.ActiveCfg = Release|Any CPU
		{131A517C-9467-474D-A8C0-22F26343D624}.Ad-Hoc|Any CPU.Build.0 = Release|Any CPU
		{131A517C-9467-474D-A8C0-22F26343D624}.Ad-Hoc|Any CPU.Deploy.0 = Release|Any CPU
		{131A517C-9467-474D-A8C0-22F26343D624}.Ad-Hoc|ARM.ActiveCfg = Release|Any CPU
		{131A517C-9467-474D-A8C0-22F26343D624}.Ad-Hoc|ARM.Build.0 = Release|Any CPU
		{131A517C-9467-474D-A8C0-22F26343D624}.Ad-Hoc|ARM.Deploy.0 = Release|Any CPU
		{131A517C-9467-474D-A8C0-22F26343D624}.Ad-Hoc|iPhone.ActiveCfg = Release|Any CPU
		{131A517C-9467-474D-A8C0-22F26343D624}.Ad-Hoc|iPhone.Build.0 = Release|Any CPU
		{131A517C-9467-474D-A8C0-22F26343D624}.Ad-Hoc|iPhone.Deploy.0 = Release|Any CPU
		{131A517C-9467-474D-A8C0-22F26343D624}.Ad-Hoc|iPhoneSimulator.ActiveCfg = Release|Any CPU
		{131A517C-9467-474D-A8C0-22F26343D624}.Ad-Hoc|iPhoneSimulator.Build.0 = Release|Any CPU
		{131A517C-9467-474D-A8C0-22F26343D624}.Ad-Hoc|iPhoneSimulator.Deploy.0 = Release|Any CPU
		{131A517C-9467-474D-A8C0-22F26343D624}.Ad-Hoc|x64.ActiveCfg = Release|Any CPU
		{131A517C-9467-474D-A8C0-22F26343D624}.Ad-Hoc|x64.Build.0 = Release|Any CPU
		{131A517C-9467-474D-A8C0-22F26343D624}.Ad-Hoc|x64.Deploy.0 = Release|Any CPU
		{131A517C-9467-474D-A8C0-22F26343D624}.Ad-Hoc|x86.ActiveCfg = Release|Any CPU
		{131A517C-9467-474D-A8C0-22F26343D624}.Ad-Hoc|x86.Build.0 = Release|Any CPU
		{131A517C-9467-474D-A8C0-22F26343D624}.Ad-Hoc|x86.Deploy.0 = Release|Any CPU
		{131A517C-9467-474D-A8C0-22F26343D624}.AppStore|Any CPU.ActiveCfg = Release|Any CPU
		{131A517C-9467-474D-A8C0-22F26343D624}.AppStore|Any CPU.Build.0 = Release|Any CPU
		{131A517C-9467-474D-A8C0-22F26343D624}.AppStore|Any CPU.Deploy.0 = Release|Any CPU
		{131A517C-9467-474D-A8C0-22F26343D624}.AppStore|ARM.ActiveCfg = Release|Any CPU
		{131A517C-9467-474D-A8C0-22F26343D624}.AppStore|ARM.Build.0 = Release|Any CPU
		{131A517C-9467-474D-A8C0-22F26343D624}.AppStore|ARM.Deploy.0 = Release|Any CPU
		{131A517C-9467-474D-A8C0-22F26343D624}.AppStore|iPhone.ActiveCfg = Release|Any CPU
		{131A517C-9467-474D-A8C0-22F26343D624}.AppStore|iPhone.Build.0 = Release|Any CPU
		{131A517C-9467-474D-A8C0-22F26343D624}.AppStore|iPhone.Deploy.0 = Release|Any CPU
		{131A517C-9467-474D-A8C0-22F26343D624}.AppStore|iPhoneSimulator.ActiveCfg = Release|Any CPU
		{131A517C-9467-474D-A8C0-22F26343D624}.AppStore|iPhoneSimulator.Build.0 = Release|Any CPU
		{131A517C-9467-474D-A8C0-22F26343D624}.AppStore|iPhoneSimulator.Deploy.0 = Release|Any CPU
		{131A517C-9467-474D-A8C0-22F26343D624}.AppStore|x64.ActiveCfg = Release|Any CPU
		{131A517C-9467-474D-A8C0-22F26343D624}.AppStore|x64.Build.0 = Release|Any CPU
		{131A517C-9467-474D-A8C0-22F26343D624}.AppStore|x64.Deploy.0 = Release|Any CPU
		{131A517C-9467-474D-A8C0-22F26343D624}.AppStore|x86.ActiveCfg = Release|Any CPU
		{131A517C-9467-474D-A8C0-22F26343D624}.AppStore|x86.Build.0 = Release|Any CPU
		{131A517C-9467-474D-A8C0-22F26343D624}.AppStore|x86.Deploy.0 = Release|Any CPU
		{131A517C-9467-474D-A8C0-22F26343D624}.Debug|Any CPU.ActiveCfg = Debug|Any CPU
		{131A517C-9467-474D-A8C0-22F26343D624}.Debug|Any CPU.Build.0 = Debug|Any CPU
		{131A517C-9467-474D-A8C0-22F26343D624}.Debug|Any CPU.Deploy.0 = Debug|Any CPU
		{131A517C-9467-474D-A8C0-22F26343D624}.Debug|ARM.ActiveCfg = Debug|Any CPU
		{131A517C-9467-474D-A8C0-22F26343D624}.Debug|ARM.Build.0 = Debug|Any CPU
		{131A517C-9467-474D-A8C0-22F26343D624}.Debug|ARM.Deploy.0 = Debug|Any CPU
		{131A517C-9467-474D-A8C0-22F26343D624}.Debug|iPhone.ActiveCfg = Debug|Any CPU
		{131A517C-9467-474D-A8C0-22F26343D624}.Debug|iPhone.Build.0 = Debug|Any CPU
		{131A517C-9467-474D-A8C0-22F26343D624}.Debug|iPhone.Deploy.0 = Debug|Any CPU
		{131A517C-9467-474D-A8C0-22F26343D624}.Debug|iPhoneSimulator.ActiveCfg = Debug|Any CPU
		{131A517C-9467-474D-A8C0-22F26343D624}.Debug|iPhoneSimulator.Build.0 = Debug|Any CPU
		{131A517C-9467-474D-A8C0-22F26343D624}.Debug|iPhoneSimulator.Deploy.0 = Debug|Any CPU
		{131A517C-9467-474D-A8C0-22F26343D624}.Debug|x64.ActiveCfg = Debug|Any CPU
		{131A517C-9467-474D-A8C0-22F26343D624}.Debug|x64.Build.0 = Debug|Any CPU
		{131A517C-9467-474D-A8C0-22F26343D624}.Debug|x64.Deploy.0 = Debug|Any CPU
		{131A517C-9467-474D-A8C0-22F26343D624}.Debug|x86.ActiveCfg = Debug|Any CPU
		{131A517C-9467-474D-A8C0-22F26343D624}.Debug|x86.Build.0 = Debug|Any CPU
		{131A517C-9467-474D-A8C0-22F26343D624}.Debug|x86.Deploy.0 = Debug|Any CPU
		{131A517C-9467-474D-A8C0-22F26343D624}.Release|Any CPU.ActiveCfg = Release|Any CPU
		{131A517C-9467-474D-A8C0-22F26343D624}.Release|Any CPU.Build.0 = Release|Any CPU
		{131A517C-9467-474D-A8C0-22F26343D624}.Release|Any CPU.Deploy.0 = Release|Any CPU
		{131A517C-9467-474D-A8C0-22F26343D624}.Release|ARM.ActiveCfg = Release|Any CPU
		{131A517C-9467-474D-A8C0-22F26343D624}.Release|ARM.Build.0 = Release|Any CPU
		{131A517C-9467-474D-A8C0-22F26343D624}.Release|ARM.Deploy.0 = Release|Any CPU
		{131A517C-9467-474D-A8C0-22F26343D624}.Release|iPhone.ActiveCfg = Release|Any CPU
		{131A517C-9467-474D-A8C0-22F26343D624}.Release|iPhone.Build.0 = Release|Any CPU
		{131A517C-9467-474D-A8C0-22F26343D624}.Release|iPhone.Deploy.0 = Release|Any CPU
		{131A517C-9467-474D-A8C0-22F26343D624}.Release|iPhoneSimulator.ActiveCfg = Release|Any CPU
		{131A517C-9467-474D-A8C0-22F26343D624}.Release|iPhoneSimulator.Build.0 = Release|Any CPU
		{131A517C-9467-474D-A8C0-22F26343D624}.Release|iPhoneSimulator.Deploy.0 = Release|Any CPU
		{131A517C-9467-474D-A8C0-22F26343D624}.Release|x64.ActiveCfg = Release|Any CPU
		{131A517C-9467-474D-A8C0-22F26343D624}.Release|x64.Build.0 = Release|Any CPU
		{131A517C-9467-474D-A8C0-22F26343D624}.Release|x64.Deploy.0 = Release|Any CPU
		{131A517C-9467-474D-A8C0-22F26343D624}.Release|x86.ActiveCfg = Release|Any CPU
		{131A517C-9467-474D-A8C0-22F26343D624}.Release|x86.Build.0 = Release|Any CPU
		{131A517C-9467-474D-A8C0-22F26343D624}.Release|x86.Deploy.0 = Release|Any CPU
		{F1AFC10B-C702-4934-9414-F8DB0E596FC8}.Ad-Hoc|Any CPU.ActiveCfg = Ad-Hoc|iPhone
		{F1AFC10B-C702-4934-9414-F8DB0E596FC8}.Ad-Hoc|Any CPU.Build.0 = Ad-Hoc|iPhone
		{F1AFC10B-C702-4934-9414-F8DB0E596FC8}.Ad-Hoc|Any CPU.Deploy.0 = Ad-Hoc|iPhone
		{F1AFC10B-C702-4934-9414-F8DB0E596FC8}.Ad-Hoc|ARM.ActiveCfg = Ad-Hoc|iPhone
		{F1AFC10B-C702-4934-9414-F8DB0E596FC8}.Ad-Hoc|ARM.Build.0 = Ad-Hoc|iPhone
		{F1AFC10B-C702-4934-9414-F8DB0E596FC8}.Ad-Hoc|ARM.Deploy.0 = Ad-Hoc|iPhone
		{F1AFC10B-C702-4934-9414-F8DB0E596FC8}.Ad-Hoc|iPhone.ActiveCfg = Ad-Hoc|iPhone
		{F1AFC10B-C702-4934-9414-F8DB0E596FC8}.Ad-Hoc|iPhone.Build.0 = Ad-Hoc|iPhone
		{F1AFC10B-C702-4934-9414-F8DB0E596FC8}.Ad-Hoc|iPhone.Deploy.0 = Ad-Hoc|iPhone
		{F1AFC10B-C702-4934-9414-F8DB0E596FC8}.Ad-Hoc|iPhoneSimulator.ActiveCfg = Ad-Hoc|iPhoneSimulator
		{F1AFC10B-C702-4934-9414-F8DB0E596FC8}.Ad-Hoc|iPhoneSimulator.Build.0 = Ad-Hoc|iPhoneSimulator
		{F1AFC10B-C702-4934-9414-F8DB0E596FC8}.Ad-Hoc|iPhoneSimulator.Deploy.0 = Ad-Hoc|iPhoneSimulator
		{F1AFC10B-C702-4934-9414-F8DB0E596FC8}.Ad-Hoc|x64.ActiveCfg = Ad-Hoc|iPhone
		{F1AFC10B-C702-4934-9414-F8DB0E596FC8}.Ad-Hoc|x64.Build.0 = Ad-Hoc|iPhone
		{F1AFC10B-C702-4934-9414-F8DB0E596FC8}.Ad-Hoc|x64.Deploy.0 = Ad-Hoc|iPhone
		{F1AFC10B-C702-4934-9414-F8DB0E596FC8}.Ad-Hoc|x86.ActiveCfg = Ad-Hoc|iPhone
		{F1AFC10B-C702-4934-9414-F8DB0E596FC8}.Ad-Hoc|x86.Build.0 = Ad-Hoc|iPhone
		{F1AFC10B-C702-4934-9414-F8DB0E596FC8}.Ad-Hoc|x86.Deploy.0 = Ad-Hoc|iPhone
		{F1AFC10B-C702-4934-9414-F8DB0E596FC8}.AppStore|Any CPU.ActiveCfg = AppStore|iPhone
		{F1AFC10B-C702-4934-9414-F8DB0E596FC8}.AppStore|Any CPU.Build.0 = AppStore|iPhone
		{F1AFC10B-C702-4934-9414-F8DB0E596FC8}.AppStore|Any CPU.Deploy.0 = AppStore|iPhone
		{F1AFC10B-C702-4934-9414-F8DB0E596FC8}.AppStore|ARM.ActiveCfg = AppStore|iPhone
		{F1AFC10B-C702-4934-9414-F8DB0E596FC8}.AppStore|ARM.Build.0 = AppStore|iPhone
		{F1AFC10B-C702-4934-9414-F8DB0E596FC8}.AppStore|ARM.Deploy.0 = AppStore|iPhone
		{F1AFC10B-C702-4934-9414-F8DB0E596FC8}.AppStore|iPhone.ActiveCfg = AppStore|iPhone
		{F1AFC10B-C702-4934-9414-F8DB0E596FC8}.AppStore|iPhone.Build.0 = AppStore|iPhone
		{F1AFC10B-C702-4934-9414-F8DB0E596FC8}.AppStore|iPhone.Deploy.0 = AppStore|iPhone
		{F1AFC10B-C702-4934-9414-F8DB0E596FC8}.AppStore|iPhoneSimulator.ActiveCfg = AppStore|iPhoneSimulator
		{F1AFC10B-C702-4934-9414-F8DB0E596FC8}.AppStore|iPhoneSimulator.Build.0 = AppStore|iPhoneSimulator
		{F1AFC10B-C702-4934-9414-F8DB0E596FC8}.AppStore|iPhoneSimulator.Deploy.0 = AppStore|iPhoneSimulator
		{F1AFC10B-C702-4934-9414-F8DB0E596FC8}.AppStore|x64.ActiveCfg = AppStore|iPhone
		{F1AFC10B-C702-4934-9414-F8DB0E596FC8}.AppStore|x64.Build.0 = AppStore|iPhone
		{F1AFC10B-C702-4934-9414-F8DB0E596FC8}.AppStore|x64.Deploy.0 = AppStore|iPhone
		{F1AFC10B-C702-4934-9414-F8DB0E596FC8}.AppStore|x86.ActiveCfg = AppStore|iPhone
		{F1AFC10B-C702-4934-9414-F8DB0E596FC8}.AppStore|x86.Build.0 = AppStore|iPhone
		{F1AFC10B-C702-4934-9414-F8DB0E596FC8}.AppStore|x86.Deploy.0 = AppStore|iPhone
		{F1AFC10B-C702-4934-9414-F8DB0E596FC8}.Debug|Any CPU.ActiveCfg = Debug|iPhoneSimulator
		{F1AFC10B-C702-4934-9414-F8DB0E596FC8}.Debug|Any CPU.Build.0 = Debug|iPhoneSimulator
		{F1AFC10B-C702-4934-9414-F8DB0E596FC8}.Debug|Any CPU.Deploy.0 = Debug|iPhoneSimulator
		{F1AFC10B-C702-4934-9414-F8DB0E596FC8}.Debug|ARM.ActiveCfg = Debug|iPhone
		{F1AFC10B-C702-4934-9414-F8DB0E596FC8}.Debug|ARM.Build.0 = Debug|iPhone
		{F1AFC10B-C702-4934-9414-F8DB0E596FC8}.Debug|ARM.Deploy.0 = Debug|iPhone
		{F1AFC10B-C702-4934-9414-F8DB0E596FC8}.Debug|iPhone.ActiveCfg = Debug|iPhone
		{F1AFC10B-C702-4934-9414-F8DB0E596FC8}.Debug|iPhone.Build.0 = Debug|iPhone
		{F1AFC10B-C702-4934-9414-F8DB0E596FC8}.Debug|iPhone.Deploy.0 = Debug|iPhone
		{F1AFC10B-C702-4934-9414-F8DB0E596FC8}.Debug|iPhoneSimulator.ActiveCfg = Debug|iPhoneSimulator
		{F1AFC10B-C702-4934-9414-F8DB0E596FC8}.Debug|iPhoneSimulator.Build.0 = Debug|iPhoneSimulator
		{F1AFC10B-C702-4934-9414-F8DB0E596FC8}.Debug|iPhoneSimulator.Deploy.0 = Debug|iPhoneSimulator
		{F1AFC10B-C702-4934-9414-F8DB0E596FC8}.Debug|x64.ActiveCfg = Debug|iPhone
		{F1AFC10B-C702-4934-9414-F8DB0E596FC8}.Debug|x64.Build.0 = Debug|iPhone
		{F1AFC10B-C702-4934-9414-F8DB0E596FC8}.Debug|x64.Deploy.0 = Debug|iPhone
		{F1AFC10B-C702-4934-9414-F8DB0E596FC8}.Debug|x86.ActiveCfg = Debug|iPhone
		{F1AFC10B-C702-4934-9414-F8DB0E596FC8}.Debug|x86.Build.0 = Debug|iPhone
		{F1AFC10B-C702-4934-9414-F8DB0E596FC8}.Debug|x86.Deploy.0 = Debug|iPhone
		{F1AFC10B-C702-4934-9414-F8DB0E596FC8}.Release|Any CPU.ActiveCfg = Release|iPhone
		{F1AFC10B-C702-4934-9414-F8DB0E596FC8}.Release|Any CPU.Build.0 = Release|iPhone
		{F1AFC10B-C702-4934-9414-F8DB0E596FC8}.Release|Any CPU.Deploy.0 = Release|iPhone
		{F1AFC10B-C702-4934-9414-F8DB0E596FC8}.Release|ARM.ActiveCfg = Release|iPhone
		{F1AFC10B-C702-4934-9414-F8DB0E596FC8}.Release|ARM.Build.0 = Release|iPhone
		{F1AFC10B-C702-4934-9414-F8DB0E596FC8}.Release|ARM.Deploy.0 = Release|iPhone
		{F1AFC10B-C702-4934-9414-F8DB0E596FC8}.Release|iPhone.ActiveCfg = Release|iPhone
		{F1AFC10B-C702-4934-9414-F8DB0E596FC8}.Release|iPhone.Build.0 = Release|iPhone
		{F1AFC10B-C702-4934-9414-F8DB0E596FC8}.Release|iPhone.Deploy.0 = Release|iPhone
		{F1AFC10B-C702-4934-9414-F8DB0E596FC8}.Release|iPhoneSimulator.ActiveCfg = Release|iPhoneSimulator
		{F1AFC10B-C702-4934-9414-F8DB0E596FC8}.Release|iPhoneSimulator.Build.0 = Release|iPhoneSimulator
		{F1AFC10B-C702-4934-9414-F8DB0E596FC8}.Release|iPhoneSimulator.Deploy.0 = Release|iPhoneSimulator
		{F1AFC10B-C702-4934-9414-F8DB0E596FC8}.Release|x64.ActiveCfg = Release|iPhone
		{F1AFC10B-C702-4934-9414-F8DB0E596FC8}.Release|x64.Build.0 = Release|iPhone
		{F1AFC10B-C702-4934-9414-F8DB0E596FC8}.Release|x64.Deploy.0 = Release|iPhone
		{F1AFC10B-C702-4934-9414-F8DB0E596FC8}.Release|x86.ActiveCfg = Release|iPhone
		{F1AFC10B-C702-4934-9414-F8DB0E596FC8}.Release|x86.Build.0 = Release|iPhone
		{F1AFC10B-C702-4934-9414-F8DB0E596FC8}.Release|x86.Deploy.0 = Release|iPhone
		{BADDECDE-F872-44F2-8E37-6FEEA9C66492}.Ad-Hoc|Any CPU.ActiveCfg = Release|x86
		{BADDECDE-F872-44F2-8E37-6FEEA9C66492}.Ad-Hoc|Any CPU.Build.0 = Release|x86
		{BADDECDE-F872-44F2-8E37-6FEEA9C66492}.Ad-Hoc|Any CPU.Deploy.0 = Release|x86
		{BADDECDE-F872-44F2-8E37-6FEEA9C66492}.Ad-Hoc|ARM.ActiveCfg = Release|ARM
		{BADDECDE-F872-44F2-8E37-6FEEA9C66492}.Ad-Hoc|ARM.Build.0 = Release|ARM
		{BADDECDE-F872-44F2-8E37-6FEEA9C66492}.Ad-Hoc|ARM.Deploy.0 = Release|ARM
		{BADDECDE-F872-44F2-8E37-6FEEA9C66492}.Ad-Hoc|iPhone.ActiveCfg = Release|x86
		{BADDECDE-F872-44F2-8E37-6FEEA9C66492}.Ad-Hoc|iPhone.Build.0 = Release|x86
		{BADDECDE-F872-44F2-8E37-6FEEA9C66492}.Ad-Hoc|iPhone.Deploy.0 = Release|x86
		{BADDECDE-F872-44F2-8E37-6FEEA9C66492}.Ad-Hoc|iPhoneSimulator.ActiveCfg = Release|x86
		{BADDECDE-F872-44F2-8E37-6FEEA9C66492}.Ad-Hoc|iPhoneSimulator.Build.0 = Release|x86
		{BADDECDE-F872-44F2-8E37-6FEEA9C66492}.Ad-Hoc|iPhoneSimulator.Deploy.0 = Release|x86
		{BADDECDE-F872-44F2-8E37-6FEEA9C66492}.Ad-Hoc|x64.ActiveCfg = Release|x64
		{BADDECDE-F872-44F2-8E37-6FEEA9C66492}.Ad-Hoc|x64.Build.0 = Release|x64
		{BADDECDE-F872-44F2-8E37-6FEEA9C66492}.Ad-Hoc|x64.Deploy.0 = Release|x64
		{BADDECDE-F872-44F2-8E37-6FEEA9C66492}.Ad-Hoc|x86.ActiveCfg = Release|x86
		{BADDECDE-F872-44F2-8E37-6FEEA9C66492}.Ad-Hoc|x86.Build.0 = Release|x86
		{BADDECDE-F872-44F2-8E37-6FEEA9C66492}.Ad-Hoc|x86.Deploy.0 = Release|x86
		{BADDECDE-F872-44F2-8E37-6FEEA9C66492}.AppStore|Any CPU.ActiveCfg = Release|x86
		{BADDECDE-F872-44F2-8E37-6FEEA9C66492}.AppStore|Any CPU.Build.0 = Release|x86
		{BADDECDE-F872-44F2-8E37-6FEEA9C66492}.AppStore|Any CPU.Deploy.0 = Release|x86
		{BADDECDE-F872-44F2-8E37-6FEEA9C66492}.AppStore|ARM.ActiveCfg = Release|ARM
		{BADDECDE-F872-44F2-8E37-6FEEA9C66492}.AppStore|ARM.Build.0 = Release|ARM
		{BADDECDE-F872-44F2-8E37-6FEEA9C66492}.AppStore|ARM.Deploy.0 = Release|ARM
		{BADDECDE-F872-44F2-8E37-6FEEA9C66492}.AppStore|iPhone.ActiveCfg = Release|x86
		{BADDECDE-F872-44F2-8E37-6FEEA9C66492}.AppStore|iPhone.Build.0 = Release|x86
		{BADDECDE-F872-44F2-8E37-6FEEA9C66492}.AppStore|iPhone.Deploy.0 = Release|x86
		{BADDECDE-F872-44F2-8E37-6FEEA9C66492}.AppStore|iPhoneSimulator.ActiveCfg = Release|x86
		{BADDECDE-F872-44F2-8E37-6FEEA9C66492}.AppStore|iPhoneSimulator.Build.0 = Release|x86
		{BADDECDE-F872-44F2-8E37-6FEEA9C66492}.AppStore|iPhoneSimulator.Deploy.0 = Release|x86
		{BADDECDE-F872-44F2-8E37-6FEEA9C66492}.AppStore|x64.ActiveCfg = Release|x64
		{BADDECDE-F872-44F2-8E37-6FEEA9C66492}.AppStore|x64.Build.0 = Release|x64
		{BADDECDE-F872-44F2-8E37-6FEEA9C66492}.AppStore|x64.Deploy.0 = Release|x64
		{BADDECDE-F872-44F2-8E37-6FEEA9C66492}.AppStore|x86.ActiveCfg = Release|x86
		{BADDECDE-F872-44F2-8E37-6FEEA9C66492}.AppStore|x86.Build.0 = Release|x86
		{BADDECDE-F872-44F2-8E37-6FEEA9C66492}.AppStore|x86.Deploy.0 = Release|x86
		{BADDECDE-F872-44F2-8E37-6FEEA9C66492}.Debug|Any CPU.ActiveCfg = Debug|x86
		{BADDECDE-F872-44F2-8E37-6FEEA9C66492}.Debug|Any CPU.Build.0 = Debug|x86
		{BADDECDE-F872-44F2-8E37-6FEEA9C66492}.Debug|Any CPU.Deploy.0 = Debug|x86
		{BADDECDE-F872-44F2-8E37-6FEEA9C66492}.Debug|ARM.ActiveCfg = Debug|ARM
		{BADDECDE-F872-44F2-8E37-6FEEA9C66492}.Debug|ARM.Build.0 = Debug|ARM
		{BADDECDE-F872-44F2-8E37-6FEEA9C66492}.Debug|ARM.Deploy.0 = Debug|ARM
		{BADDECDE-F872-44F2-8E37-6FEEA9C66492}.Debug|iPhone.ActiveCfg = Debug|x86
		{BADDECDE-F872-44F2-8E37-6FEEA9C66492}.Debug|iPhone.Build.0 = Debug|x86
		{BADDECDE-F872-44F2-8E37-6FEEA9C66492}.Debug|iPhone.Deploy.0 = Debug|x86
		{BADDECDE-F872-44F2-8E37-6FEEA9C66492}.Debug|iPhoneSimulator.ActiveCfg = Debug|x86
		{BADDECDE-F872-44F2-8E37-6FEEA9C66492}.Debug|iPhoneSimulator.Build.0 = Debug|x86
		{BADDECDE-F872-44F2-8E37-6FEEA9C66492}.Debug|iPhoneSimulator.Deploy.0 = Debug|x86
		{BADDECDE-F872-44F2-8E37-6FEEA9C66492}.Debug|x64.ActiveCfg = Debug|x64
		{BADDECDE-F872-44F2-8E37-6FEEA9C66492}.Debug|x64.Build.0 = Debug|x64
		{BADDECDE-F872-44F2-8E37-6FEEA9C66492}.Debug|x64.Deploy.0 = Debug|x64
		{BADDECDE-F872-44F2-8E37-6FEEA9C66492}.Debug|x86.ActiveCfg = Debug|x86
		{BADDECDE-F872-44F2-8E37-6FEEA9C66492}.Debug|x86.Build.0 = Debug|x86
		{BADDECDE-F872-44F2-8E37-6FEEA9C66492}.Debug|x86.Deploy.0 = Debug|x86
		{BADDECDE-F872-44F2-8E37-6FEEA9C66492}.Release|Any CPU.ActiveCfg = Release|x86
		{BADDECDE-F872-44F2-8E37-6FEEA9C66492}.Release|Any CPU.Build.0 = Release|x86
		{BADDECDE-F872-44F2-8E37-6FEEA9C66492}.Release|Any CPU.Deploy.0 = Release|x86
		{BADDECDE-F872-44F2-8E37-6FEEA9C66492}.Release|ARM.ActiveCfg = Release|ARM
		{BADDECDE-F872-44F2-8E37-6FEEA9C66492}.Release|ARM.Build.0 = Release|ARM
		{BADDECDE-F872-44F2-8E37-6FEEA9C66492}.Release|ARM.Deploy.0 = Release|ARM
		{BADDECDE-F872-44F2-8E37-6FEEA9C66492}.Release|iPhone.ActiveCfg = Release|x86
		{BADDECDE-F872-44F2-8E37-6FEEA9C66492}.Release|iPhone.Build.0 = Release|x86
		{BADDECDE-F872-44F2-8E37-6FEEA9C66492}.Release|iPhone.Deploy.0 = Release|x86
		{BADDECDE-F872-44F2-8E37-6FEEA9C66492}.Release|iPhoneSimulator.ActiveCfg = Release|x86
		{BADDECDE-F872-44F2-8E37-6FEEA9C66492}.Release|iPhoneSimulator.Build.0 = Release|x86
		{BADDECDE-F872-44F2-8E37-6FEEA9C66492}.Release|iPhoneSimulator.Deploy.0 = Release|x86
		{BADDECDE-F872-44F2-8E37-6FEEA9C66492}.Release|x64.ActiveCfg = Release|x64
		{BADDECDE-F872-44F2-8E37-6FEEA9C66492}.Release|x64.Build.0 = Release|x64
		{BADDECDE-F872-44F2-8E37-6FEEA9C66492}.Release|x64.Deploy.0 = Release|x64
		{BADDECDE-F872-44F2-8E37-6FEEA9C66492}.Release|x86.ActiveCfg = Release|x86
		{BADDECDE-F872-44F2-8E37-6FEEA9C66492}.Release|x86.Build.0 = Release|x86
		{BADDECDE-F872-44F2-8E37-6FEEA9C66492}.Release|x86.Deploy.0 = Release|x86
		{3D03B0C1-CA0F-4116-90AE-7050BB2A35F7}.Ad-Hoc|Any CPU.ActiveCfg = Debug|Any CPU
		{3D03B0C1-CA0F-4116-90AE-7050BB2A35F7}.Ad-Hoc|Any CPU.Build.0 = Debug|Any CPU
		{3D03B0C1-CA0F-4116-90AE-7050BB2A35F7}.Ad-Hoc|Any CPU.Deploy.0 = Debug|Any CPU
		{3D03B0C1-CA0F-4116-90AE-7050BB2A35F7}.Ad-Hoc|ARM.ActiveCfg = Debug|Any CPU
		{3D03B0C1-CA0F-4116-90AE-7050BB2A35F7}.Ad-Hoc|ARM.Build.0 = Debug|Any CPU
		{3D03B0C1-CA0F-4116-90AE-7050BB2A35F7}.Ad-Hoc|ARM.Deploy.0 = Debug|Any CPU
		{3D03B0C1-CA0F-4116-90AE-7050BB2A35F7}.Ad-Hoc|iPhone.ActiveCfg = Debug|Any CPU
		{3D03B0C1-CA0F-4116-90AE-7050BB2A35F7}.Ad-Hoc|iPhone.Build.0 = Debug|Any CPU
		{3D03B0C1-CA0F-4116-90AE-7050BB2A35F7}.Ad-Hoc|iPhone.Deploy.0 = Debug|Any CPU
		{3D03B0C1-CA0F-4116-90AE-7050BB2A35F7}.Ad-Hoc|iPhoneSimulator.ActiveCfg = Debug|Any CPU
		{3D03B0C1-CA0F-4116-90AE-7050BB2A35F7}.Ad-Hoc|iPhoneSimulator.Build.0 = Debug|Any CPU
		{3D03B0C1-CA0F-4116-90AE-7050BB2A35F7}.Ad-Hoc|iPhoneSimulator.Deploy.0 = Debug|Any CPU
		{3D03B0C1-CA0F-4116-90AE-7050BB2A35F7}.Ad-Hoc|x64.ActiveCfg = Debug|Any CPU
		{3D03B0C1-CA0F-4116-90AE-7050BB2A35F7}.Ad-Hoc|x64.Build.0 = Debug|Any CPU
		{3D03B0C1-CA0F-4116-90AE-7050BB2A35F7}.Ad-Hoc|x64.Deploy.0 = Debug|Any CPU
		{3D03B0C1-CA0F-4116-90AE-7050BB2A35F7}.Ad-Hoc|x86.ActiveCfg = Debug|Any CPU
		{3D03B0C1-CA0F-4116-90AE-7050BB2A35F7}.Ad-Hoc|x86.Build.0 = Debug|Any CPU
		{3D03B0C1-CA0F-4116-90AE-7050BB2A35F7}.Ad-Hoc|x86.Deploy.0 = Debug|Any CPU
		{3D03B0C1-CA0F-4116-90AE-7050BB2A35F7}.AppStore|Any CPU.ActiveCfg = Debug|Any CPU
		{3D03B0C1-CA0F-4116-90AE-7050BB2A35F7}.AppStore|Any CPU.Build.0 = Debug|Any CPU
		{3D03B0C1-CA0F-4116-90AE-7050BB2A35F7}.AppStore|Any CPU.Deploy.0 = Debug|Any CPU
		{3D03B0C1-CA0F-4116-90AE-7050BB2A35F7}.AppStore|ARM.ActiveCfg = Debug|Any CPU
		{3D03B0C1-CA0F-4116-90AE-7050BB2A35F7}.AppStore|ARM.Build.0 = Debug|Any CPU
		{3D03B0C1-CA0F-4116-90AE-7050BB2A35F7}.AppStore|ARM.Deploy.0 = Debug|Any CPU
		{3D03B0C1-CA0F-4116-90AE-7050BB2A35F7}.AppStore|iPhone.ActiveCfg = Debug|Any CPU
		{3D03B0C1-CA0F-4116-90AE-7050BB2A35F7}.AppStore|iPhone.Build.0 = Debug|Any CPU
		{3D03B0C1-CA0F-4116-90AE-7050BB2A35F7}.AppStore|iPhone.Deploy.0 = Debug|Any CPU
		{3D03B0C1-CA0F-4116-90AE-7050BB2A35F7}.AppStore|iPhoneSimulator.ActiveCfg = Debug|Any CPU
		{3D03B0C1-CA0F-4116-90AE-7050BB2A35F7}.AppStore|iPhoneSimulator.Build.0 = Debug|Any CPU
		{3D03B0C1-CA0F-4116-90AE-7050BB2A35F7}.AppStore|iPhoneSimulator.Deploy.0 = Debug|Any CPU
		{3D03B0C1-CA0F-4116-90AE-7050BB2A35F7}.AppStore|x64.ActiveCfg = Debug|Any CPU
		{3D03B0C1-CA0F-4116-90AE-7050BB2A35F7}.AppStore|x64.Build.0 = Debug|Any CPU
		{3D03B0C1-CA0F-4116-90AE-7050BB2A35F7}.AppStore|x64.Deploy.0 = Debug|Any CPU
		{3D03B0C1-CA0F-4116-90AE-7050BB2A35F7}.AppStore|x86.ActiveCfg = Debug|Any CPU
		{3D03B0C1-CA0F-4116-90AE-7050BB2A35F7}.AppStore|x86.Build.0 = Debug|Any CPU
		{3D03B0C1-CA0F-4116-90AE-7050BB2A35F7}.AppStore|x86.Deploy.0 = Debug|Any CPU
		{3D03B0C1-CA0F-4116-90AE-7050BB2A35F7}.Debug|Any CPU.ActiveCfg = Debug|Any CPU
		{3D03B0C1-CA0F-4116-90AE-7050BB2A35F7}.Debug|Any CPU.Build.0 = Debug|Any CPU
		{3D03B0C1-CA0F-4116-90AE-7050BB2A35F7}.Debug|Any CPU.Deploy.0 = Debug|Any CPU
		{3D03B0C1-CA0F-4116-90AE-7050BB2A35F7}.Debug|ARM.ActiveCfg = Debug|Any CPU
		{3D03B0C1-CA0F-4116-90AE-7050BB2A35F7}.Debug|ARM.Build.0 = Debug|Any CPU
		{3D03B0C1-CA0F-4116-90AE-7050BB2A35F7}.Debug|ARM.Deploy.0 = Debug|Any CPU
		{3D03B0C1-CA0F-4116-90AE-7050BB2A35F7}.Debug|iPhone.ActiveCfg = Debug|Any CPU
		{3D03B0C1-CA0F-4116-90AE-7050BB2A35F7}.Debug|iPhone.Build.0 = Debug|Any CPU
		{3D03B0C1-CA0F-4116-90AE-7050BB2A35F7}.Debug|iPhone.Deploy.0 = Debug|Any CPU
		{3D03B0C1-CA0F-4116-90AE-7050BB2A35F7}.Debug|iPhoneSimulator.ActiveCfg = Debug|Any CPU
		{3D03B0C1-CA0F-4116-90AE-7050BB2A35F7}.Debug|iPhoneSimulator.Build.0 = Debug|Any CPU
		{3D03B0C1-CA0F-4116-90AE-7050BB2A35F7}.Debug|iPhoneSimulator.Deploy.0 = Debug|Any CPU
		{3D03B0C1-CA0F-4116-90AE-7050BB2A35F7}.Debug|x64.ActiveCfg = Debug|Any CPU
		{3D03B0C1-CA0F-4116-90AE-7050BB2A35F7}.Debug|x64.Build.0 = Debug|Any CPU
		{3D03B0C1-CA0F-4116-90AE-7050BB2A35F7}.Debug|x64.Deploy.0 = Debug|Any CPU
		{3D03B0C1-CA0F-4116-90AE-7050BB2A35F7}.Debug|x86.ActiveCfg = Debug|Any CPU
		{3D03B0C1-CA0F-4116-90AE-7050BB2A35F7}.Debug|x86.Build.0 = Debug|Any CPU
		{3D03B0C1-CA0F-4116-90AE-7050BB2A35F7}.Debug|x86.Deploy.0 = Debug|Any CPU
		{3D03B0C1-CA0F-4116-90AE-7050BB2A35F7}.Release|Any CPU.ActiveCfg = Release|Any CPU
		{3D03B0C1-CA0F-4116-90AE-7050BB2A35F7}.Release|Any CPU.Build.0 = Release|Any CPU
		{3D03B0C1-CA0F-4116-90AE-7050BB2A35F7}.Release|Any CPU.Deploy.0 = Release|Any CPU
		{3D03B0C1-CA0F-4116-90AE-7050BB2A35F7}.Release|ARM.ActiveCfg = Release|Any CPU
		{3D03B0C1-CA0F-4116-90AE-7050BB2A35F7}.Release|ARM.Build.0 = Release|Any CPU
		{3D03B0C1-CA0F-4116-90AE-7050BB2A35F7}.Release|ARM.Deploy.0 = Release|Any CPU
		{3D03B0C1-CA0F-4116-90AE-7050BB2A35F7}.Release|iPhone.ActiveCfg = Release|Any CPU
		{3D03B0C1-CA0F-4116-90AE-7050BB2A35F7}.Release|iPhone.Build.0 = Release|Any CPU
		{3D03B0C1-CA0F-4116-90AE-7050BB2A35F7}.Release|iPhone.Deploy.0 = Release|Any CPU
		{3D03B0C1-CA0F-4116-90AE-7050BB2A35F7}.Release|iPhoneSimulator.ActiveCfg = Release|Any CPU
		{3D03B0C1-CA0F-4116-90AE-7050BB2A35F7}.Release|iPhoneSimulator.Build.0 = Release|Any CPU
		{3D03B0C1-CA0F-4116-90AE-7050BB2A35F7}.Release|iPhoneSimulator.Deploy.0 = Release|Any CPU
		{3D03B0C1-CA0F-4116-90AE-7050BB2A35F7}.Release|x64.ActiveCfg = Release|Any CPU
		{3D03B0C1-CA0F-4116-90AE-7050BB2A35F7}.Release|x64.Build.0 = Release|Any CPU
		{3D03B0C1-CA0F-4116-90AE-7050BB2A35F7}.Release|x64.Deploy.0 = Release|Any CPU
		{3D03B0C1-CA0F-4116-90AE-7050BB2A35F7}.Release|x86.ActiveCfg = Release|Any CPU
		{3D03B0C1-CA0F-4116-90AE-7050BB2A35F7}.Release|x86.Build.0 = Release|Any CPU
		{3D03B0C1-CA0F-4116-90AE-7050BB2A35F7}.Release|x86.Deploy.0 = Release|Any CPU
		{8EDF4429-251A-416D-BB68-93F227191BCF}.Ad-Hoc|Any CPU.ActiveCfg = Release|Any CPU
		{8EDF4429-251A-416D-BB68-93F227191BCF}.Ad-Hoc|Any CPU.Build.0 = Release|Any CPU
		{8EDF4429-251A-416D-BB68-93F227191BCF}.Ad-Hoc|ARM.ActiveCfg = Release|Any CPU
		{8EDF4429-251A-416D-BB68-93F227191BCF}.Ad-Hoc|ARM.Build.0 = Release|Any CPU
		{8EDF4429-251A-416D-BB68-93F227191BCF}.Ad-Hoc|iPhone.ActiveCfg = Release|Any CPU
		{8EDF4429-251A-416D-BB68-93F227191BCF}.Ad-Hoc|iPhone.Build.0 = Release|Any CPU
		{8EDF4429-251A-416D-BB68-93F227191BCF}.Ad-Hoc|iPhoneSimulator.ActiveCfg = Release|Any CPU
		{8EDF4429-251A-416D-BB68-93F227191BCF}.Ad-Hoc|iPhoneSimulator.Build.0 = Release|Any CPU
		{8EDF4429-251A-416D-BB68-93F227191BCF}.Ad-Hoc|x64.ActiveCfg = Release|Any CPU
		{8EDF4429-251A-416D-BB68-93F227191BCF}.Ad-Hoc|x64.Build.0 = Release|Any CPU
		{8EDF4429-251A-416D-BB68-93F227191BCF}.Ad-Hoc|x86.ActiveCfg = Release|Any CPU
		{8EDF4429-251A-416D-BB68-93F227191BCF}.Ad-Hoc|x86.Build.0 = Release|Any CPU
		{8EDF4429-251A-416D-BB68-93F227191BCF}.AppStore|Any CPU.ActiveCfg = Release|Any CPU
		{8EDF4429-251A-416D-BB68-93F227191BCF}.AppStore|Any CPU.Build.0 = Release|Any CPU
		{8EDF4429-251A-416D-BB68-93F227191BCF}.AppStore|ARM.ActiveCfg = Release|Any CPU
		{8EDF4429-251A-416D-BB68-93F227191BCF}.AppStore|ARM.Build.0 = Release|Any CPU
		{8EDF4429-251A-416D-BB68-93F227191BCF}.AppStore|iPhone.ActiveCfg = Release|Any CPU
		{8EDF4429-251A-416D-BB68-93F227191BCF}.AppStore|iPhone.Build.0 = Release|Any CPU
		{8EDF4429-251A-416D-BB68-93F227191BCF}.AppStore|iPhoneSimulator.ActiveCfg = Release|Any CPU
		{8EDF4429-251A-416D-BB68-93F227191BCF}.AppStore|iPhoneSimulator.Build.0 = Release|Any CPU
		{8EDF4429-251A-416D-BB68-93F227191BCF}.AppStore|x64.ActiveCfg = Release|Any CPU
		{8EDF4429-251A-416D-BB68-93F227191BCF}.AppStore|x64.Build.0 = Release|Any CPU
		{8EDF4429-251A-416D-BB68-93F227191BCF}.AppStore|x86.ActiveCfg = Release|Any CPU
		{8EDF4429-251A-416D-BB68-93F227191BCF}.AppStore|x86.Build.0 = Release|Any CPU
		{8EDF4429-251A-416D-BB68-93F227191BCF}.Debug|Any CPU.ActiveCfg = Debug|Any CPU
		{8EDF4429-251A-416D-BB68-93F227191BCF}.Debug|Any CPU.Build.0 = Debug|Any CPU
		{8EDF4429-251A-416D-BB68-93F227191BCF}.Debug|ARM.ActiveCfg = Debug|Any CPU
		{8EDF4429-251A-416D-BB68-93F227191BCF}.Debug|ARM.Build.0 = Debug|Any CPU
		{8EDF4429-251A-416D-BB68-93F227191BCF}.Debug|iPhone.ActiveCfg = Debug|Any CPU
		{8EDF4429-251A-416D-BB68-93F227191BCF}.Debug|iPhone.Build.0 = Debug|Any CPU
		{8EDF4429-251A-416D-BB68-93F227191BCF}.Debug|iPhoneSimulator.ActiveCfg = Debug|Any CPU
		{8EDF4429-251A-416D-BB68-93F227191BCF}.Debug|iPhoneSimulator.Build.0 = Debug|Any CPU
		{8EDF4429-251A-416D-BB68-93F227191BCF}.Debug|x64.ActiveCfg = Debug|Any CPU
		{8EDF4429-251A-416D-BB68-93F227191BCF}.Debug|x64.Build.0 = Debug|Any CPU
		{8EDF4429-251A-416D-BB68-93F227191BCF}.Debug|x86.ActiveCfg = Debug|Any CPU
		{8EDF4429-251A-416D-BB68-93F227191BCF}.Debug|x86.Build.0 = Debug|Any CPU
		{8EDF4429-251A-416D-BB68-93F227191BCF}.Release|Any CPU.ActiveCfg = Release|Any CPU
		{8EDF4429-251A-416D-BB68-93F227191BCF}.Release|Any CPU.Build.0 = Release|Any CPU
		{8EDF4429-251A-416D-BB68-93F227191BCF}.Release|ARM.ActiveCfg = Release|Any CPU
		{8EDF4429-251A-416D-BB68-93F227191BCF}.Release|ARM.Build.0 = Release|Any CPU
		{8EDF4429-251A-416D-BB68-93F227191BCF}.Release|iPhone.ActiveCfg = Release|Any CPU
		{8EDF4429-251A-416D-BB68-93F227191BCF}.Release|iPhone.Build.0 = Release|Any CPU
		{8EDF4429-251A-416D-BB68-93F227191BCF}.Release|iPhoneSimulator.ActiveCfg = Release|Any CPU
		{8EDF4429-251A-416D-BB68-93F227191BCF}.Release|iPhoneSimulator.Build.0 = Release|Any CPU
		{8EDF4429-251A-416D-BB68-93F227191BCF}.Release|x64.ActiveCfg = Release|Any CPU
		{8EDF4429-251A-416D-BB68-93F227191BCF}.Release|x64.Build.0 = Release|Any CPU
		{8EDF4429-251A-416D-BB68-93F227191BCF}.Release|x86.ActiveCfg = Release|Any CPU
		{8EDF4429-251A-416D-BB68-93F227191BCF}.Release|x86.Build.0 = Release|Any CPU
	EndGlobalSection
	GlobalSection(SolutionProperties) = preSolution
		HideSolutionNode = FALSE
	EndGlobalSection
	GlobalSection(ExtensibilityGlobals) = postSolution
		SolutionGuid = {6D0BA461-0FFE-4CB8-92A7-B79F49D8D8E2}
	EndGlobalSection
EndGlobal
